# This file was autogenerated by Stack.
# You should not edit this file by hand.
# For more information, please see the documentation at:
#   https://docs.haskellstack.org/en/stable/lock_files

packages:
- completed:
    hackage: mime-0.4.0.2@sha256:208947d9d1a19d08850be67ecb28c6e776db697f3bba05bd9d682e51a59f241f,983
    pantry-tree:
      size: 565
      sha256: f2529a2e1678074ca0340ff60caa986f4e246d7d9abe8186657910c2900364bb
  original:
    hackage: mime-0.4.0.2
- completed:
    hackage: iCalendar-0.4.0.5@sha256:2a3dca74955de4d3548e4592201093b59328ca153ad207bad189e73cc04f4be0,1962
    pantry-tree:
      size: 783
      sha256: a89134d547b04ea50e4e004c16771e79be2ebbca045adc480f7ff898320374b4
  original:
    hackage: iCalendar-0.4.0.5
snapshots:
- completed:
    size: 531674
    url: https://raw.githubusercontent.com/commercialhaskell/stackage-snapshots/master/lts/16/2.yaml
    sha256: 4b08fb9338ca297de7ade8318f4be1216f14dff8c0426c001fb7886ee88cb84a
  original: lts-16.2
